
Microsoft Visual Studio Solution File, Format Version 12.00
# Visual Studio Version 16
VisualStudioVersion = 16.0.30114.105
MinimumVisualStudioVersion = 10.0.40219.1
Project("{FAE04EC0-301F-11D3-BF4B-00C04F79EFBC}") = "Hackathon_Team5_19_21", "Hackathon_Team5_19_21\Hackathon_Team5_19_21.csproj", "{ABDCF932-CC8E-43EA-96DB-6B9D3DED4745}"
EndProject
Global
	GlobalSection(SolutionConfigurationPlatforms) = preSolution
		Debug|Any CPU = Debug|Any CPU
		Release|Any CPU = Release|Any CPU
	EndGlobalSection
	GlobalSection(ProjectConfigurationPlatforms) = postSolution
		{ABDCF932-CC8E-43EA-96DB-6B9D3DED4745}.Debug|Any CPU.ActiveCfg = Debug|Any CPU
		{ABDCF932-CC8E-43EA-96DB-6B9D3DED4745}.Debug|Any CPU.Build.0 = Debug|Any CPU
		{ABDCF932-CC8E-43EA-96DB-6B9D3DED4745}.Release|Any CPU.ActiveCfg = Release|Any CPU
		{ABDCF932-CC8E-43EA-96DB-6B9D3DED4745}.Release|Any CPU.Build.0 = Release|Any CPU
	EndGlobalSection
	GlobalSection(SolutionProperties) = preSolution
		HideSolutionNode = FALSE
	EndGlobalSection
	GlobalSection(ExtensibilityGlobals) = postSolution
		SolutionGuid = {31ABABC7-CA2B-45B9-95D9-7C75C6212D89}
	EndGlobalSection
EndGlobal
